
Microsoft Visual Studio Solution File, Format Version 12.00
Project("{FAE04EC0-301F-11D3-BF4B-00C04F79EFBC}") = "apbd-cw2-s33986", "apbd-cw2-s33986.csproj", "{21E260AA-8C02-4D9A-A6DF-C40A83BDE68C}"
EndProject
Global
	GlobalSection(SolutionConfigurationPlatforms) = preSolution
		Debug|Any CPU = Debug|Any CPU
		Release|Any CPU = Release|Any CPU
	EndGlobalSection
	GlobalSection(ProjectConfigurationPlatforms) = postSolution
		{21E260AA-8C02-4D9A-A6DF-C40A83BDE68C}.Debug|Any CPU.ActiveCfg = Debug|Any CPU
		{21E260AA-8C02-4D9A-A6DF-C40A83BDE68C}.Debug|Any CPU.Build.0 = Debug|Any CPU
		{21E260AA-8C02-4D9A-A6DF-C40A83BDE68C}.Release|Any CPU.ActiveCfg = Release|Any CPU
		{21E260AA-8C02-4D9A-A6DF-C40A83BDE68C}.Release|Any CPU.Build.0 = Release|Any CPU
	EndGlobalSection
EndGlobal
